
Microsoft Visual Studio Solution File, Format Version 12.00
# Visual Studio Version 16
VisualStudioVersion = 16.0.30114.105
MinimumVisualStudioVersion = 10.0.40219.1
Project("{FAE04EC0-301F-11D3-BF4B-00C04F79EFBC}") = "Snake", "Snake\Snake.csproj", "{4DB2483F-E8D0-4F8E-BA94-1ED594B34FF8}"
EndProject
Project("{FAE04EC0-301F-11D3-BF4B-00C04F79EFBC}") = "ImgeTool", "ImgeTool\ImgeTool.csproj", "{5F9E1B24-0E90-4286-A394-332B52F9455E}"
EndProject
Project("{FAE04EC0-301F-11D3-BF4B-00C04F79EFBC}") = "LinuxCMD", "LinuxCMD\LinuxCMD.csproj", "{2C73384C-3024-4883-A474-AA18E247AC76}"
EndProject
Project("{FAE04EC0-301F-11D3-BF4B-00C04F79EFBC}") = "MyConsole", "MyConsole\MyConsole.csproj", "{7B168619-8C3D-4413-A87E-F5D696530A67}"
EndProject
Project("{FAE04EC0-301F-11D3-BF4B-00C04F79EFBC}") = "HelloApp", "HelloApp\HelloApp.csproj", "{5B54BBD3-07A5-46A4-B832-7B4BF94867C1}"
EndProject
Global
	GlobalSection(SolutionConfigurationPlatforms) = preSolution
		Debug|Any CPU = Debug|Any CPU
		Debug|x64 = Debug|x64
		Debug|x86 = Debug|x86
		Release|Any CPU = Release|Any CPU
		Release|x64 = Release|x64
		Release|x86 = Release|x86
	EndGlobalSection
	GlobalSection(ProjectConfigurationPlatforms) = postSolution
		{4DB2483F-E8D0-4F8E-BA94-1ED594B34FF8}.Debug|Any CPU.ActiveCfg = Debug|Any CPU
		{4DB2483F-E8D0-4F8E-BA94-1ED594B34FF8}.Debug|Any CPU.Build.0 = Debug|Any CPU
		{4DB2483F-E8D0-4F8E-BA94-1ED594B34FF8}.Debug|x64.ActiveCfg = Debug|Any CPU
		{4DB2483F-E8D0-4F8E-BA94-1ED594B34FF8}.Debug|x64.Build.0 = Debug|Any CPU
		{4DB2483F-E8D0-4F8E-BA94-1ED594B34FF8}.Debug|x86.ActiveCfg = Debug|Any CPU
		{4DB2483F-E8D0-4F8E-BA94-1ED594B34FF8}.Debug|x86.Build.0 = Debug|Any CPU
		{4DB2483F-E8D0-4F8E-BA94-1ED594B34FF8}.Release|Any CPU.ActiveCfg = Release|Any CPU
		{4DB2483F-E8D0-4F8E-BA94-1ED594B34FF8}.Release|Any CPU.Build.0 = Release|Any CPU
		{4DB2483F-E8D0-4F8E-BA94-1ED594B34FF8}.Release|x64.ActiveCfg = Release|Any CPU
		{4DB2483F-E8D0-4F8E-BA94-1ED594B34FF8}.Release|x64.Build.0 = Release|Any CPU
		{4DB2483F-E8D0-4F8E-BA94-1ED594B34FF8}.Release|x86.ActiveCfg = Release|Any CPU
		{4DB2483F-E8D0-4F8E-BA94-1ED594B34FF8}.Release|x86.Build.0 = Release|Any CPU
		{5F9E1B24-0E90-4286-A394-332B52F9455E}.Debug|Any CPU.ActiveCfg = Debug|Any CPU
		{5F9E1B24-0E90-4286-A394-332B52F9455E}.Debug|Any CPU.Build.0 = Debug|Any CPU
		{5F9E1B24-0E90-4286-A394-332B52F9455E}.Debug|x64.ActiveCfg = Debug|Any CPU
		{5F9E1B24-0E90-4286-A394-332B52F9455E}.Debug|x64.Build.0 = Debug|Any CPU
		{5F9E1B24-0E90-4286-A394-332B52F9455E}.Debug|x86.ActiveCfg = Debug|Any CPU
		{5F9E1B24-0E90-4286-A394-332B52F9455E}.Debug|x86.Build.0 = Debug|Any CPU
		{5F9E1B24-0E90-4286-A394-332B52F9455E}.Release|Any CPU.ActiveCfg = Release|Any CPU
		{5F9E1B24-0E90-4286-A394-332B52F9455E}.Release|Any CPU.Build.0 = Release|Any CPU
		{5F9E1B24-0E90-4286-A394-332B52F9455E}.Release|x64.ActiveCfg = Release|Any CPU
		{5F9E1B24-0E90-4286-A394-332B52F9455E}.Release|x64.Build.0 = Release|Any CPU
		{5F9E1B24-0E90-4286-A394-332B52F9455E}.Release|x86.ActiveCfg = Release|Any CPU
		{5F9E1B24-0E90-4286-A394-332B52F9455E}.Release|x86.Build.0 = Release|Any CPU
		{2C73384C-3024-4883-A474-AA18E247AC76}.Debug|Any CPU.ActiveCfg = Debug|Any CPU
		{2C73384C-3024-4883-A474-AA18E247AC76}.Debug|Any CPU.Build.0 = Debug|Any CPU
		{2C73384C-3024-4883-A474-AA18E247AC76}.Debug|x64.ActiveCfg = Debug|x64
		{2C73384C-3024-4883-A474-AA18E247AC76}.Debug|x64.Build.0 = Debug|x64
		{2C73384C-3024-4883-A474-AA18E247AC76}.Debug|x86.ActiveCfg = Debug|x86
		{2C73384C-3024-4883-A474-AA18E247AC76}.Debug|x86.Build.0 = Debug|x86
		{2C73384C-3024-4883-A474-AA18E247AC76}.Release|Any CPU.ActiveCfg = Release|Any CPU
		{2C73384C-3024-4883-A474-AA18E247AC76}.Release|Any CPU.Build.0 = Release|Any CPU
		{2C73384C-3024-4883-A474-AA18E247AC76}.Release|x64.ActiveCfg = Release|x64
		{2C73384C-3024-4883-A474-AA18E247AC76}.Release|x64.Build.0 = Release|x64
		{2C73384C-3024-4883-A474-AA18E247AC76}.Release|x86.ActiveCfg = Release|x86
		{2C73384C-3024-4883-A474-AA18E247AC76}.Release|x86.Build.0 = Release|x86
		{7B168619-8C3D-4413-A87E-F5D696530A67}.Debug|Any CPU.ActiveCfg = Debug|Any CPU
		{7B168619-8C3D-4413-A87E-F5D696530A67}.Debug|Any CPU.Build.0 = Debug|Any CPU
		{7B168619-8C3D-4413-A87E-F5D696530A67}.Debug|x64.ActiveCfg = Debug|Any CPU
		{7B168619-8C3D-4413-A87E-F5D696530A67}.Debug|x64.Build.0 = Debug|Any CPU
		{7B168619-8C3D-4413-A87E-F5D696530A67}.Debug|x86.ActiveCfg = Debug|Any CPU
		{7B168619-8C3D-4413-A87E-F5D696530A67}.Debug|x86.Build.0 = Debug|Any CPU
		{7B168619-8C3D-4413-A87E-F5D696530A67}.Release|Any CPU.ActiveCfg = Release|Any CPU
		{7B168619-8C3D-4413-A87E-F5D696530A67}.Release|Any CPU.Build.0 = Release|Any CPU
		{7B168619-8C3D-4413-A87E-F5D696530A67}.Release|x64.ActiveCfg = Release|Any CPU
		{7B168619-8C3D-4413-A87E-F5D696530A67}.Release|x64.Build.0 = Release|Any CPU
		{7B168619-8C3D-4413-A87E-F5D696530A67}.Release|x86.ActiveCfg = Release|Any CPU
		{7B168619-8C3D-4413-A87E-F5D696530A67}.Release|x86.Build.0 = Release|Any CPU
		{5B54BBD3-07A5-46A4-B832-7B4BF94867C1}.Debug|Any CPU.ActiveCfg = Debug|Any CPU
		{5B54BBD3-07A5-46A4-B832-7B4BF94867C1}.Debug|Any CPU.Build.0 = Debug|Any CPU
		{5B54BBD3-07A5-46A4-B832-7B4BF94867C1}.Debug|x64.ActiveCfg = Debug|Any CPU
		{5B54BBD3-07A5-46A4-B832-7B4BF94867C1}.Debug|x64.Build.0 = Debug|Any CPU
		{5B54BBD3-07A5-46A4-B832-7B4BF94867C1}.Debug|x86.ActiveCfg = Debug|Any CPU
		{5B54BBD3-07A5-46A4-B832-7B4BF94867C1}.Debug|x86.Build.0 = Debug|Any CPU
		{5B54BBD3-07A5-46A4-B832-7B4BF94867C1}.Release|Any CPU.ActiveCfg = Release|Any CPU
		{5B54BBD3-07A5-46A4-B832-7B4BF94867C1}.Release|Any CPU.Build.0 = Release|Any CPU
		{5B54BBD3-07A5-46A4-B832-7B4BF94867C1}.Release|x64.ActiveCfg = Release|Any CPU
		{5B54BBD3-07A5-46A4-B832-7B4BF94867C1}.Release|x64.Build.0 = Release|Any CPU
		{5B54BBD3-07A5-46A4-B832-7B4BF94867C1}.Release|x86.ActiveCfg = Release|Any CPU
		{5B54BBD3-07A5-46A4-B832-7B4BF94867C1}.Release|x86.Build.0 = Release|Any CPU
	EndGlobalSection
	GlobalSection(SolutionProperties) = preSolution
		HideSolutionNode = FALSE
	EndGlobalSection
	GlobalSection(ExtensibilityGlobals) = postSolution
		SolutionGuid = {3F7518F6-5344-40E8-9FD1-079D9875F472}
	EndGlobalSection
EndGlobal
